
Microsoft Visual Studio Solution File, Format Version 12.00
# Visual Studio Version 17
VisualStudioVersion = 17.5.33516.290
MinimumVisualStudioVersion = 10.0.40219.1
Project("{8BC9CEB8-8B4A-11D0-8D11-00A0C91BC942}") = "1", "Lab11_1\Lab11_1.vcxproj", "{44AA2360-D1CE-4740-9EC9-F61F78DDACF2}"
EndProject
Project("{8BC9CEB8-8B4A-11D0-8D11-00A0C91BC942}") = "2", "2\2.vcxproj", "{ECD2F32D-F36C-461D-9AFD-99EB7A024A1B}"
EndProject
Project("{8BC9CEB8-8B4A-11D0-8D11-00A0C91BC942}") = "3", "3\3.vcxproj", "{BDA5D58B-152F-413E-865F-A61D58A1CD9F}"
EndProject
Project("{8BC9CEB8-8B4A-11D0-8D11-00A0C91BC942}") = "4", "4\4.vcxproj", "{E6A415D7-C187-4179-A50C-B4019CAAFFCC}"
EndProject
Global
	GlobalSection(SolutionConfigurationPlatforms) = preSolution
		Debug|x64 = Debug|x64
		Debug|x86 = Debug|x86
		Release|x64 = Release|x64
		Release|x86 = Release|x86
	EndGlobalSection
	GlobalSection(ProjectConfigurationPlatforms) = postSolution
		{44AA2360-D1CE-4740-9EC9-F61F78DDACF2}.Debug|x64.ActiveCfg = Debug|x64
		{44AA2360-D1CE-4740-9EC9-F61F78DDACF2}.Debug|x64.Build.0 = Debug|x64
		{44AA2360-D1CE-4740-9EC9-F61F78DDACF2}.Debug|x86.ActiveCfg = Debug|Win32
		{44AA2360-D1CE-4740-9EC9-F61F78DDACF2}.Debug|x86.Build.0 = Debug|Win32
		{44AA2360-D1CE-4740-9EC9-F61F78DDACF2}.Release|x64.ActiveCfg = Release|x64
		{44AA2360-D1CE-4740-9EC9-F61F78DDACF2}.Release|x64.Build.0 = Release|x64
		{44AA2360-D1CE-4740-9EC9-F61F78DDACF2}.Release|x86.ActiveCfg = Release|Win32
		{44AA2360-D1CE-4740-9EC9-F61F78DDACF2}.Release|x86.Build.0 = Release|Win32
		{ECD2F32D-F36C-461D-9AFD-99EB7A024A1B}.Debug|x64.ActiveCfg = Debug|x64
		{ECD2F32D-F36C-461D-9AFD-99EB7A024A1B}.Debug|x64.Build.0 = Debug|x64
		{ECD2F32D-F36C-461D-9AFD-99EB7A024A1B}.Debug|x86.ActiveCfg = Debug|Win32
		{ECD2F32D-F36C-461D-9AFD-99EB7A024A1B}.Debug|x86.Build.0 = Debug|Win32
		{ECD2F32D-F36C-461D-9AFD-99EB7A024A1B}.Release|x64.ActiveCfg = Release|x64
		{ECD2F32D-F36C-461D-9AFD-99EB7A024A1B}.Release|x64.Build.0 = Release|x64
		{ECD2F32D-F36C-461D-9AFD-99EB7A024A1B}.Release|x86.ActiveCfg = Release|Win32
		{ECD2F32D-F36C-461D-9AFD-99EB7A024A1B}.Release|x86.Build.0 = Release|Win32
		{BDA5D58B-152F-413E-865F-A61D58A1CD9F}.Debug|x64.ActiveCfg = Debug|x64
		{BDA5D58B-152F-413E-865F-A61D58A1CD9F}.Debug|x64.Build.0 = Debug|x64
		{BDA5D58B-152F-413E-865F-A61D58A1CD9F}.Debug|x86.ActiveCfg = Debug|Win32
		{BDA5D58B-152F-413E-865F-A61D58A1CD9F}.Debug|x86.Build.0 = Debug|Win32
		{BDA5D58B-152F-413E-865F-A61D58A1CD9F}.Release|x64.ActiveCfg = Release|x64
		{BDA5D58B-152F-413E-865F-A61D58A1CD9F}.Release|x64.Build.0 = Release|x64
		{BDA5D58B-152F-413E-865F-A61D58A1CD9F}.Release|x86.ActiveCfg = Release|Win32
		{BDA5D58B-152F-413E-865F-A61D58A1CD9F}.Release|x86.Build.0 = Release|Win32
		{E6A415D7-C187-4179-A50C-B4019CAAFFCC}.Debug|x64.ActiveCfg = Debug|x64
		{E6A415D7-C187-4179-A50C-B4019CAAFFCC}.Debug|x64.Build.0 = Debug|x64
		{E6A415D7-C187-4179-A50C-B4019CAAFFCC}.Debug|x86.ActiveCfg = Debug|Win32
		{E6A415D7-C187-4179-A50C-B4019CAAFFCC}.Debug|x86.Build.0 = Debug|Win32
		{E6A415D7-C187-4179-A50C-B4019CAAFFCC}.Release|x64.ActiveCfg = Release|x64
		{E6A415D7-C187-4179-A50C-B4019CAAFFCC}.Release|x64.Build.0 = Release|x64
		{E6A415D7-C187-4179-A50C-B4019CAAFFCC}.Release|x86.ActiveCfg = Release|Win32
		{E6A415D7-C187-4179-A50C-B4019CAAFFCC}.Release|x86.Build.0 = Release|Win32
	EndGlobalSection
	GlobalSection(SolutionProperties) = preSolution
		HideSolutionNode = FALSE
	EndGlobalSection
	GlobalSection(ExtensibilityGlobals) = postSolution
		SolutionGuid = {3D976D41-726A-44D1-B398-E2732B43B057}
	EndGlobalSection
EndGlobal
